
Microsoft Visual Studio Solution File, Format Version 12.00
# Visual Studio Version 16
VisualStudioVersion = 16.0.30114.105
MinimumVisualStudioVersion = 10.0.40219.1
Project("{FAE04EC0-301F-11D3-BF4B-00C04F79EFBC}") = "UI", "UI\UI.csproj", "{79892D38-36AE-467A-BB51-195271F80269}"
EndProject
Project("{FAE04EC0-301F-11D3-BF4B-00C04F79EFBC}") = "DAL", "DAL\DAL.csproj", "{844F11DC-9182-48A4-B0D2-BEF7C2AB42F8}"
EndProject
Project("{FAE04EC0-301F-11D3-BF4B-00C04F79EFBC}") = "BLL", "BLL\BLL.csproj", "{0D1339AC-7D7B-460E-B15E-039340BAD763}"
EndProject
Project("{FAE04EC0-301F-11D3-BF4B-00C04F79EFBC}") = "BE", "BE\BE.csproj", "{F83794DA-4244-4B1E-956B-D23FA63D6C8E}"
EndProject
Project("{FAE04EC0-301F-11D3-BF4B-00C04F79EFBC}") = "Security", "Security\Security.csproj", "{8587E590-8364-47D3-A55B-1F4AC707EDA7}"
EndProject
Global
	GlobalSection(SolutionConfigurationPlatforms) = preSolution
		Debug|Any CPU = Debug|Any CPU
		Release|Any CPU = Release|Any CPU
	EndGlobalSection
	GlobalSection(ProjectConfigurationPlatforms) = postSolution
		{79892D38-36AE-467A-BB51-195271F80269}.Debug|Any CPU.ActiveCfg = Debug|Any CPU
		{79892D38-36AE-467A-BB51-195271F80269}.Debug|Any CPU.Build.0 = Debug|Any CPU
		{79892D38-36AE-467A-BB51-195271F80269}.Release|Any CPU.ActiveCfg = Release|Any CPU
		{79892D38-36AE-467A-BB51-195271F80269}.Release|Any CPU.Build.0 = Release|Any CPU
		{844F11DC-9182-48A4-B0D2-BEF7C2AB42F8}.Debug|Any CPU.ActiveCfg = Debug|Any CPU
		{844F11DC-9182-48A4-B0D2-BEF7C2AB42F8}.Debug|Any CPU.Build.0 = Debug|Any CPU
		{844F11DC-9182-48A4-B0D2-BEF7C2AB42F8}.Release|Any CPU.ActiveCfg = Release|Any CPU
		{844F11DC-9182-48A4-B0D2-BEF7C2AB42F8}.Release|Any CPU.Build.0 = Release|Any CPU
		{0D1339AC-7D7B-460E-B15E-039340BAD763}.Debug|Any CPU.ActiveCfg = Debug|Any CPU
		{0D1339AC-7D7B-460E-B15E-039340BAD763}.Debug|Any CPU.Build.0 = Debug|Any CPU
		{0D1339AC-7D7B-460E-B15E-039340BAD763}.Release|Any CPU.ActiveCfg = Release|Any CPU
		{0D1339AC-7D7B-460E-B15E-039340BAD763}.Release|Any CPU.Build.0 = Release|Any CPU
		{F83794DA-4244-4B1E-956B-D23FA63D6C8E}.Debug|Any CPU.ActiveCfg = Debug|Any CPU
		{F83794DA-4244-4B1E-956B-D23FA63D6C8E}.Debug|Any CPU.Build.0 = Debug|Any CPU
		{F83794DA-4244-4B1E-956B-D23FA63D6C8E}.Release|Any CPU.ActiveCfg = Release|Any CPU
		{F83794DA-4244-4B1E-956B-D23FA63D6C8E}.Release|Any CPU.Build.0 = Release|Any CPU
		{8587E590-8364-47D3-A55B-1F4AC707EDA7}.Debug|Any CPU.ActiveCfg = Debug|Any CPU
		{8587E590-8364-47D3-A55B-1F4AC707EDA7}.Debug|Any CPU.Build.0 = Debug|Any CPU
		{8587E590-8364-47D3-A55B-1F4AC707EDA7}.Release|Any CPU.ActiveCfg = Release|Any CPU
		{8587E590-8364-47D3-A55B-1F4AC707EDA7}.Release|Any CPU.Build.0 = Release|Any CPU
	EndGlobalSection
	GlobalSection(SolutionProperties) = preSolution
		HideSolutionNode = FALSE
	EndGlobalSection
	GlobalSection(ExtensibilityGlobals) = postSolution
		SolutionGuid = {B6788A2F-960D-47A8-82CA-8FA2DD89E8AE}
	EndGlobalSection
EndGlobal
